{
  "name": "admin-menu-editor",
  "lockfileVersion": 3,
  "requires": true,
  "packages": {
    "": {
      "name": "admin-menu-editor",
      "devDependencies": {
        "@types/lodash": "^4.17.10",
        "type-fest": "^4.30.2"
      }
    },
    "node_modules/@types/lodash": {
      "version": "4.17.10",
      "resolved": "https://registry.npmjs.org/@types/lodash/-/lodash-4.17.10.tgz",
      "integrity": "sha512-YpS0zzoduEhuOWjAotS6A5AVCva7X4lVlYLF0FYHAY9sdraBfnatttHItlWeZdGhuEkf+OzMNg2ZYAx8t+52uQ==",
      "dev": true,
      "license": "MIT"
    },
    "node_modules/type-fest": {
      "version": "4.30.2",
      "resolved": "https://registry.npmjs.org/type-fest/-/type-fest-4.30.2.tgz",
      "integrity": "sha512-UJShLPYi1aWqCdq9HycOL/gwsuqda1OISdBO3t8RlXQC4QvtuIz4b5FCfe2dQIWEpmlRExKmcTBfP1r9bhY7ig==",
      "dev": true,
      "license": "(MIT OR CC0-1.0)",
      "engines": {
        "node": ">=16"
      },
      "funding": {
        "url": "https://github.com/sponsors/sindresorhus"
      }
    }
  }
}
